
Microsoft Visual Studio Solution File, Format Version 12.00
# Visual Studio 15
VisualStudioVersion = 15.0.28307.271
MinimumVisualStudioVersion = 10.0.40219.1
Project("{FAE04EC0-301F-11D3-BF4B-00C04F79EFBC}") = "RyłkoWeb_TestFramework", "RyłkoWeb_TestFramework\RyłkoWeb_TestFramework.csproj", "{D9127D58-68A2-4A63-A423-BAC1C1C78FF1}"
EndProject
Project("{FAE04EC0-301F-11D3-BF4B-00C04F79EFBC}") = "Tests", "Tests\Tests.csproj", "{C65F7F23-22A3-4C61-AD02-35D7749997F0}"
EndProject
Global
	GlobalSection(SolutionConfigurationPlatforms) = preSolution
		Debug|Any CPU = Debug|Any CPU
		Release|Any CPU = Release|Any CPU
	EndGlobalSection
	GlobalSection(ProjectConfigurationPlatforms) = postSolution
		{D9127D58-68A2-4A63-A423-BAC1C1C78FF1}.Debug|Any CPU.ActiveCfg = Debug|Any CPU
		{D9127D58-68A2-4A63-A423-BAC1C1C78FF1}.Debug|Any CPU.Build.0 = Debug|Any CPU
		{D9127D58-68A2-4A63-A423-BAC1C1C78FF1}.Release|Any CPU.ActiveCfg = Release|Any CPU
		{D9127D58-68A2-4A63-A423-BAC1C1C78FF1}.Release|Any CPU.Build.0 = Release|Any CPU
		{C65F7F23-22A3-4C61-AD02-35D7749997F0}.Debug|Any CPU.ActiveCfg = Debug|Any CPU
		{C65F7F23-22A3-4C61-AD02-35D7749997F0}.Debug|Any CPU.Build.0 = Debug|Any CPU
		{C65F7F23-22A3-4C61-AD02-35D7749997F0}.Release|Any CPU.ActiveCfg = Release|Any CPU
		{C65F7F23-22A3-4C61-AD02-35D7749997F0}.Release|Any CPU.Build.0 = Release|Any CPU
	EndGlobalSection
	GlobalSection(SolutionProperties) = preSolution
		HideSolutionNode = FALSE
	EndGlobalSection
	GlobalSection(ExtensibilityGlobals) = postSolution
		SolutionGuid = {9FED1F2F-7D20-40F2-AF08-A06A55AE057C}
	EndGlobalSection
EndGlobal
